<?xml version="1.0" encoding="utf-8"?>
<Project ToolsVersion="4.0" xmlns="http://schemas.microsoft.com/developer/msbuild/2003">
  <ItemGroup>
    <Filter Include="ソース ファイル">
      <UniqueIdentifier>{4FC737F1-C7A5-4376-A066-2A32D752A2FF}</UniqueIdentifier>
      <Extensions>cpp;c;cc;cxx;def;odl;idl;hpj;bat;asm;asmx</Extensions>
    </Filter>
    <Filter Include="ヘッダー ファイル">
      <UniqueIdentifier>{93995380-89BD-4b04-88EB-625FBE52EBFB}</UniqueIdentifier>
      <Extensions>h;hh;hpp;hxx;hm;inl;inc;xsd</Extensions>
    </Filter>
    <Filter Include="リソース ファイル">
      <UniqueIdentifier>{67DA6AB6-F800-4c08-8B7A-83BB121AAD01}</UniqueIdentifier>
      <Extensions>rc;ico;cur;bmp;dlg;rc2;rct;bin;rgs;gif;jpg;jpeg;jpe;resx;tiff;tif;png;wav;mfcribbon-ms</Extensions>
    </Filter>
  </ItemGroup>
  <ItemGroup>
    <ClCompile Include="parser-3.0.00\absorb.c">
      <Filter>ソース ファイル</Filter>
    </ClCompile>
    <ClCompile Include="parser-3.0.00\compound.c">
      <Filter>ソース ファイル</Filter>
    </ClCompile>
    <ClCompile Include="parser-3.0.00\fabsorb.c">
      <Filter>ソース ファイル</Filter>
    </ClCompile>
    <ClCompile Include="parser-3.0.00\filter.c">
      <Filter>ソース ファイル</Filter>
    </ClCompile>
    <ClCompile Include="parser-3.0.00\getword.c">
      <Filter>ソース ファイル</Filter>
    </ClCompile>
    <ClCompile Include="parser-3.0.00\glue.c">
      <Filter>ソース ファイル</Filter>
    </ClCompile>
    <ClCompile Include="parser-3.0.00\grammar.c">
      <Filter>ソース ファイル</Filter>
    </ClCompile>
    <ClCompile Include="parser-3.0.00\lerfu.c">
      <Filter>ソース ファイル</Filter>
    </ClCompile>
    <ClCompile Include="parser-3.0.00\lex.c">
      <Filter>ソース ファイル</Filter>
    </ClCompile>
    <ClCompile Include="parser-3.0.00\lexrulea.c">
      <Filter>ソース ファイル</Filter>
    </ClCompile>
    <ClCompile Include="parser-3.0.00\lexruleb.c">
      <Filter>ソース ファイル</Filter>
    </ClCompile>
    <ClCompile Include="parser-3.0.00\lexrulec.c">
      <Filter>ソース ファイル</Filter>
    </ClCompile>
    <ClCompile Include="parser-3.0.00\lexruled.c">
      <Filter>ソース ファイル</Filter>
    </ClCompile>
    <ClCompile Include="parser-3.0.00\lexrulee.c">
      <Filter>ソース ファイル</Filter>
    </ClCompile>
    <ClCompile Include="parser-3.0.00\lexrulef.c">
      <Filter>ソース ファイル</Filter>
    </ClCompile>
    <ClCompile Include="parser-3.0.00\lexruleg.c">
      <Filter>ソース ファイル</Filter>
    </ClCompile>
    <ClCompile Include="parser-3.0.00\lexruleh.c">
      <Filter>ソース ファイル</Filter>
    </ClCompile>
    <ClCompile Include="parser-3.0.00\lexrulei.c">
      <Filter>ソース ファイル</Filter>
    </ClCompile>
    <ClCompile Include="parser-3.0.00\lexrulej.c">
      <Filter>ソース ファイル</Filter>
    </ClCompile>
    <ClCompile Include="parser-3.0.00\lexrulek.c">
      <Filter>ソース ファイル</Filter>
    </ClCompile>
    <ClCompile Include="parser-3.0.00\lexrulel.c">
      <Filter>ソース ファイル</Filter>
    </ClCompile>
    <ClCompile Include="parser-3.0.00\lexrulem.c">
      <Filter>ソース ファイル</Filter>
    </ClCompile>
    <ClCompile Include="parser-3.0.00\lexrulen.c">
      <Filter>ソース ファイル</Filter>
    </ClCompile>
    <ClCompile Include="parser-3.0.00\lexruleo.c">
      <Filter>ソース ファイル</Filter>
    </ClCompile>
    <ClCompile Include="parser-3.0.00\lexrulep.c">
      <Filter>ソース ファイル</Filter>
    </ClCompile>
    <ClCompile Include="parser-3.0.00\lexruleq.c">
      <Filter>ソース ファイル</Filter>
    </ClCompile>
    <ClCompile Include="parser-3.0.00\lexruler.c">
      <Filter>ソース ファイル</Filter>
    </ClCompile>
    <ClCompile Include="parser-3.0.00\lexrules.c">
      <Filter>ソース ファイル</Filter>
    </ClCompile>
    <ClCompile Include="parser-3.0.00\lexruleu.c">
      <Filter>ソース ファイル</Filter>
    </ClCompile>
    <ClCompile Include="parser-3.0.00\lexrulev.c">
      <Filter>ソース ファイル</Filter>
    </ClCompile>
    <ClCompile Include="parser-3.0.00\lexrulew.c">
      <Filter>ソース ファイル</Filter>
    </ClCompile>
    <ClCompile Include="parser-3.0.00\lexruley.c">
      <Filter>ソース ファイル</Filter>
    </ClCompile>
    <ClCompile Include="parser-3.0.00\mkcmavo.c">
      <Filter>ソース ファイル</Filter>
    </ClCompile>
    <ClCompile Include="parser-3.0.00\node.c">
      <Filter>ソース ファイル</Filter>
    </ClCompile>
    <ClCompile Include="parser-3.0.00\print.c">
      <Filter>ソース ファイル</Filter>
    </ClCompile>
    <ClCompile Include="parser-3.0.00\queue.c">
      <Filter>ソース ファイル</Filter>
    </ClCompile>
    <ClCompile Include="parser-3.0.00\rulename.c">
      <Filter>ソース ファイル</Filter>
    </ClCompile>
    <ClCompile Include="parser-3.0.00\selmao.c">
      <Filter>ソース ファイル</Filter>
    </ClCompile>
    <ClCompile Include="parser-3.0.00\termin.c">
      <Filter>ソース ファイル</Filter>
    </ClCompile>
    <ClCompile Include="parser-3.0.00\token.c">
      <Filter>ソース ファイル</Filter>
    </ClCompile>
    <ClCompile Include="parser-3.0.00\version.c">
      <Filter>ソース ファイル</Filter>
    </ClCompile>
  </ItemGroup>
  <ItemGroup>
    <None Include="parser-3.0.00\bnf.300">
      <Filter>ソース ファイル</Filter>
    </None>
    <None Include="parser-3.0.00\COPYING">
      <Filter>ソース ファイル</Filter>
    </None>
    <None Include="parser-3.0.00\doyacc">
      <Filter>ソース ファイル</Filter>
    </None>
    <None Include="parser-3.0.00\gmiddle.y">
      <Filter>ソース ファイル</Filter>
    </None>
    <None Include="parser-3.0.00\grammar.300">
      <Filter>ソース ファイル</Filter>
    </None>
    <None Include="parser-3.0.00\grammar.y">
      <Filter>ソース ファイル</Filter>
    </None>
    <None Include="parser-3.0.00\Makefile">
      <Filter>ソース ファイル</Filter>
    </None>
    <None Include="parser-3.0.00\mkgramy">
      <Filter>ソース ファイル</Filter>
    </None>
    <None Include="parser-3.0.00\mknames">
      <Filter>ソース ファイル</Filter>
    </None>
    <None Include="parser-3.0.00\names1.awk">
      <Filter>ソース ファイル</Filter>
    </None>
    <None Include="parser-3.0.00\names2.awk">
      <Filter>ソース ファイル</Filter>
    </None>
    <None Include="parser-3.0.00\README">
      <Filter>ソース ファイル</Filter>
    </None>
    <None Include="parser-3.0.00\rulename.i">
      <Filter>ソース ファイル</Filter>
    </None>
    <None Include="parser-3.0.00\selmao.i">
      <Filter>ソース ファイル</Filter>
    </None>
    <None Include="parser-3.0.00\techfix.300">
      <Filter>ソース ファイル</Filter>
    </None>
  </ItemGroup>
  <ItemGroup>
    <ClInclude Include="parser-3.0.00\grammar.h">
      <Filter>ソース ファイル</Filter>
    </ClInclude>
    <ClInclude Include="parser-3.0.00\lexrules.h">
      <Filter>ソース ファイル</Filter>
    </ClInclude>
    <ClInclude Include="parser-3.0.00\lojban.h">
      <Filter>ソース ファイル</Filter>
    </ClInclude>
    <ClInclude Include="parser-3.0.00\node.h">
      <Filter>ソース ファイル</Filter>
    </ClInclude>
    <ClInclude Include="parser-3.0.00\token.h">
      <Filter>ソース ファイル</Filter>
    </ClInclude>
    <ClInclude Include="parser-3.0.00\version.h">
      <Filter>ソース ファイル</Filter>
    </ClInclude>
  </ItemGroup>
  <ItemGroup>
    <Text Include="parser-3.0.00\openwm.txt">
      <Filter>ソース ファイル</Filter>
    </Text>
    <Text Include="parser-3.0.00\openwm1.txt">
      <Filter>ソース ファイル</Filter>
    </Text>
  </ItemGroup>
</Project>